
Microsoft Visual Studio Solution File, Format Version 12.00
# Visual Studio 14
VisualStudioVersion = 14.0.25420.1
MinimumVisualStudioVersion = 10.0.40219.1
Project("{2150E333-8FDC-42A3-9474-1A3956D46DE8}") = "Engine", "Engine", "{8F609233-09DE-4939-BEF0-ABF5F9541E2E}"
EndProject
Project("{2150E333-8FDC-42A3-9474-1A3956D46DE8}") = "Games", "Games", "{FCB6A1B9-2595-4DC7-9164-5FDA4F046A28}"
EndProject
Project("{8BC9CEB8-8B4A-11D0-8D11-00A0C91BC942}") = "UE4", "Intermediate\ProjectFiles\UE4.vcxproj", "{A1EC0B90-D0BE-48D6-8F00-1F0983C19CE2}"
EndProject
Project("{8BC9CEB8-8B4A-11D0-8D11-00A0C91BC942}") = "NVR_Demo", "Intermediate\ProjectFiles\NVR_Demo.vcxproj", "{1DC0E564-6A34-414F-A088-312F862FFEBF}"
EndProject
Global
	GlobalSection(SolutionConfigurationPlatforms) = preSolution
		DebugGame Editor|Android = DebugGame Editor|Android
		DebugGame Editor|HTML5 = DebugGame Editor|HTML5
		DebugGame Editor|Win32 = DebugGame Editor|Win32
		DebugGame Editor|Win64 = DebugGame Editor|Win64
		DebugGame|Android = DebugGame|Android
		DebugGame|HTML5 = DebugGame|HTML5
		DebugGame|Win32 = DebugGame|Win32
		DebugGame|Win64 = DebugGame|Win64
		Development Editor|Android = Development Editor|Android
		Development Editor|HTML5 = Development Editor|HTML5
		Development Editor|Win32 = Development Editor|Win32
		Development Editor|Win64 = Development Editor|Win64
		Development|Android = Development|Android
		Development|HTML5 = Development|HTML5
		Development|Win32 = Development|Win32
		Development|Win64 = Development|Win64
		Shipping|Android = Shipping|Android
		Shipping|HTML5 = Shipping|HTML5
		Shipping|Win32 = Shipping|Win32
		Shipping|Win64 = Shipping|Win64
	EndGlobalSection
	GlobalSection(ProjectConfigurationPlatforms) = postSolution
		{A1EC0B90-D0BE-48D6-8F00-1F0983C19CE2}.DebugGame Editor|Android.ActiveCfg = BuiltWithUnrealBuildTool|Win32
		{A1EC0B90-D0BE-48D6-8F00-1F0983C19CE2}.DebugGame Editor|Android.Build.0 = BuiltWithUnrealBuildTool|Win32
		{A1EC0B90-D0BE-48D6-8F00-1F0983C19CE2}.DebugGame Editor|HTML5.ActiveCfg = BuiltWithUnrealBuildTool|Win32
		{A1EC0B90-D0BE-48D6-8F00-1F0983C19CE2}.DebugGame Editor|HTML5.Build.0 = BuiltWithUnrealBuildTool|Win32
		{A1EC0B90-D0BE-48D6-8F00-1F0983C19CE2}.DebugGame Editor|Win32.ActiveCfg = BuiltWithUnrealBuildTool|Win32
		{A1EC0B90-D0BE-48D6-8F00-1F0983C19CE2}.DebugGame Editor|Win32.Build.0 = BuiltWithUnrealBuildTool|Win32
		{A1EC0B90-D0BE-48D6-8F00-1F0983C19CE2}.DebugGame Editor|Win64.ActiveCfg = BuiltWithUnrealBuildTool|Win32
		{A1EC0B90-D0BE-48D6-8F00-1F0983C19CE2}.DebugGame Editor|Win64.Build.0 = BuiltWithUnrealBuildTool|Win32
		{A1EC0B90-D0BE-48D6-8F00-1F0983C19CE2}.DebugGame|Android.ActiveCfg = BuiltWithUnrealBuildTool|Win32
		{A1EC0B90-D0BE-48D6-8F00-1F0983C19CE2}.DebugGame|Android.Build.0 = BuiltWithUnrealBuildTool|Win32
		{A1EC0B90-D0BE-48D6-8F00-1F0983C19CE2}.DebugGame|HTML5.ActiveCfg = BuiltWithUnrealBuildTool|Win32
		{A1EC0B90-D0BE-48D6-8F00-1F0983C19CE2}.DebugGame|HTML5.Build.0 = BuiltWithUnrealBuildTool|Win32
		{A1EC0B90-D0BE-48D6-8F00-1F0983C19CE2}.DebugGame|Win32.ActiveCfg = BuiltWithUnrealBuildTool|Win32
		{A1EC0B90-D0BE-48D6-8F00-1F0983C19CE2}.DebugGame|Win32.Build.0 = BuiltWithUnrealBuildTool|Win32
		{A1EC0B90-D0BE-48D6-8F00-1F0983C19CE2}.DebugGame|Win64.ActiveCfg = BuiltWithUnrealBuildTool|Win32
		{A1EC0B90-D0BE-48D6-8F00-1F0983C19CE2}.DebugGame|Win64.Build.0 = BuiltWithUnrealBuildTool|Win32
		{A1EC0B90-D0BE-48D6-8F00-1F0983C19CE2}.Development Editor|Android.ActiveCfg = BuiltWithUnrealBuildTool|Win32
		{A1EC0B90-D0BE-48D6-8F00-1F0983C19CE2}.Development Editor|Android.Build.0 = BuiltWithUnrealBuildTool|Win32
		{A1EC0B90-D0BE-48D6-8F00-1F0983C19CE2}.Development Editor|HTML5.ActiveCfg = BuiltWithUnrealBuildTool|Win32
		{A1EC0B90-D0BE-48D6-8F00-1F0983C19CE2}.Development Editor|HTML5.Build.0 = BuiltWithUnrealBuildTool|Win32
		{A1EC0B90-D0BE-48D6-8F00-1F0983C19CE2}.Development Editor|Win32.ActiveCfg = BuiltWithUnrealBuildTool|Win32
		{A1EC0B90-D0BE-48D6-8F00-1F0983C19CE2}.Development Editor|Win32.Build.0 = BuiltWithUnrealBuildTool|Win32
		{A1EC0B90-D0BE-48D6-8F00-1F0983C19CE2}.Development Editor|Win64.ActiveCfg = BuiltWithUnrealBuildTool|Win32
		{A1EC0B90-D0BE-48D6-8F00-1F0983C19CE2}.Development Editor|Win64.Build.0 = BuiltWithUnrealBuildTool|Win32
		{A1EC0B90-D0BE-48D6-8F00-1F0983C19CE2}.Development|Android.ActiveCfg = BuiltWithUnrealBuildTool|Win32
		{A1EC0B90-D0BE-48D6-8F00-1F0983C19CE2}.Development|Android.Build.0 = BuiltWithUnrealBuildTool|Win32
		{A1EC0B90-D0BE-48D6-8F00-1F0983C19CE2}.Development|HTML5.ActiveCfg = BuiltWithUnrealBuildTool|Win32
		{A1EC0B90-D0BE-48D6-8F00-1F0983C19CE2}.Development|HTML5.Build.0 = BuiltWithUnrealBuildTool|Win32
		{A1EC0B90-D0BE-48D6-8F00-1F0983C19CE2}.Development|Win32.ActiveCfg = BuiltWithUnrealBuildTool|Win32
		{A1EC0B90-D0BE-48D6-8F00-1F0983C19CE2}.Development|Win32.Build.0 = BuiltWithUnrealBuildTool|Win32
		{A1EC0B90-D0BE-48D6-8F00-1F0983C19CE2}.Development|Win64.ActiveCfg = BuiltWithUnrealBuildTool|Win32
		{A1EC0B90-D0BE-48D6-8F00-1F0983C19CE2}.Development|Win64.Build.0 = BuiltWithUnrealBuildTool|Win32
		{A1EC0B90-D0BE-48D6-8F00-1F0983C19CE2}.Shipping|Android.ActiveCfg = BuiltWithUnrealBuildTool|Win32
		{A1EC0B90-D0BE-48D6-8F00-1F0983C19CE2}.Shipping|Android.Build.0 = BuiltWithUnrealBuildTool|Win32
		{A1EC0B90-D0BE-48D6-8F00-1F0983C19CE2}.Shipping|HTML5.ActiveCfg = BuiltWithUnrealBuildTool|Win32
		{A1EC0B90-D0BE-48D6-8F00-1F0983C19CE2}.Shipping|HTML5.Build.0 = BuiltWithUnrealBuildTool|Win32
		{A1EC0B90-D0BE-48D6-8F00-1F0983C19CE2}.Shipping|Win32.ActiveCfg = BuiltWithUnrealBuildTool|Win32
		{A1EC0B90-D0BE-48D6-8F00-1F0983C19CE2}.Shipping|Win32.Build.0 = BuiltWithUnrealBuildTool|Win32
		{A1EC0B90-D0BE-48D6-8F00-1F0983C19CE2}.Shipping|Win64.ActiveCfg = BuiltWithUnrealBuildTool|Win32
		{A1EC0B90-D0BE-48D6-8F00-1F0983C19CE2}.Shipping|Win64.Build.0 = BuiltWithUnrealBuildTool|Win32
		{1DC0E564-6A34-414F-A088-312F862FFEBF}.DebugGame Editor|Android.ActiveCfg = DebugGame_Editor|Tegra-Android
		{1DC0E564-6A34-414F-A088-312F862FFEBF}.DebugGame Editor|HTML5.ActiveCfg = HTML5_DebugGame_Editor|Win32
		{1DC0E564-6A34-414F-A088-312F862FFEBF}.DebugGame Editor|Win32.ActiveCfg = DebugGame_Editor|Win32
		{1DC0E564-6A34-414F-A088-312F862FFEBF}.DebugGame Editor|Win64.ActiveCfg = DebugGame_Editor|x64
		{1DC0E564-6A34-414F-A088-312F862FFEBF}.DebugGame Editor|Win64.Build.0 = DebugGame_Editor|x64
		{1DC0E564-6A34-414F-A088-312F862FFEBF}.DebugGame|Android.ActiveCfg = DebugGame_Game|Tegra-Android
		{1DC0E564-6A34-414F-A088-312F862FFEBF}.DebugGame|Android.Build.0 = DebugGame_Game|Tegra-Android
		{1DC0E564-6A34-414F-A088-312F862FFEBF}.DebugGame|HTML5.ActiveCfg = HTML5_DebugGame_Game|Win32
		{1DC0E564-6A34-414F-A088-312F862FFEBF}.DebugGame|HTML5.Build.0 = HTML5_DebugGame_Game|Win32
		{1DC0E564-6A34-414F-A088-312F862FFEBF}.DebugGame|Win32.ActiveCfg = DebugGame_Game|Win32
		{1DC0E564-6A34-414F-A088-312F862FFEBF}.DebugGame|Win32.Build.0 = DebugGame_Game|Win32
		{1DC0E564-6A34-414F-A088-312F862FFEBF}.DebugGame|Win64.ActiveCfg = DebugGame_Game|x64
		{1DC0E564-6A34-414F-A088-312F862FFEBF}.DebugGame|Win64.Build.0 = DebugGame_Game|x64
		{1DC0E564-6A34-414F-A088-312F862FFEBF}.Development Editor|Android.ActiveCfg = Development_Editor|Tegra-Android
		{1DC0E564-6A34-414F-A088-312F862FFEBF}.Development Editor|HTML5.ActiveCfg = HTML5_Development_Editor|Win32
		{1DC0E564-6A34-414F-A088-312F862FFEBF}.Development Editor|Win32.ActiveCfg = Development_Editor|Win32
		{1DC0E564-6A34-414F-A088-312F862FFEBF}.Development Editor|Win64.ActiveCfg = Development_Editor|x64
		{1DC0E564-6A34-414F-A088-312F862FFEBF}.Development Editor|Win64.Build.0 = Development_Editor|x64
		{1DC0E564-6A34-414F-A088-312F862FFEBF}.Development|Android.ActiveCfg = Development_Game|Tegra-Android
		{1DC0E564-6A34-414F-A088-312F862FFEBF}.Development|Android.Build.0 = Development_Game|Tegra-Android
		{1DC0E564-6A34-414F-A088-312F862FFEBF}.Development|HTML5.ActiveCfg = HTML5_Development_Game|Win32
		{1DC0E564-6A34-414F-A088-312F862FFEBF}.Development|HTML5.Build.0 = HTML5_Development_Game|Win32
		{1DC0E564-6A34-414F-A088-312F862FFEBF}.Development|Win32.ActiveCfg = Development_Game|Win32
		{1DC0E564-6A34-414F-A088-312F862FFEBF}.Development|Win32.Build.0 = Development_Game|Win32
		{1DC0E564-6A34-414F-A088-312F862FFEBF}.Development|Win64.ActiveCfg = Development_Game|x64
		{1DC0E564-6A34-414F-A088-312F862FFEBF}.Development|Win64.Build.0 = Development_Game|x64
		{1DC0E564-6A34-414F-A088-312F862FFEBF}.Shipping|Android.ActiveCfg = Shipping_Game|Tegra-Android
		{1DC0E564-6A34-414F-A088-312F862FFEBF}.Shipping|Android.Build.0 = Shipping_Game|Tegra-Android
		{1DC0E564-6A34-414F-A088-312F862FFEBF}.Shipping|HTML5.ActiveCfg = HTML5_Shipping_Game|Win32
		{1DC0E564-6A34-414F-A088-312F862FFEBF}.Shipping|HTML5.Build.0 = HTML5_Shipping_Game|Win32
		{1DC0E564-6A34-414F-A088-312F862FFEBF}.Shipping|Win32.ActiveCfg = Shipping_Game|Win32
		{1DC0E564-6A34-414F-A088-312F862FFEBF}.Shipping|Win32.Build.0 = Shipping_Game|Win32
		{1DC0E564-6A34-414F-A088-312F862FFEBF}.Shipping|Win64.ActiveCfg = Shipping_Game|x64
		{1DC0E564-6A34-414F-A088-312F862FFEBF}.Shipping|Win64.Build.0 = Shipping_Game|x64
	EndGlobalSection
	GlobalSection(SolutionProperties) = preSolution
		HideSolutionNode = FALSE
	EndGlobalSection
	GlobalSection(NestedProjects) = preSolution
		{A1EC0B90-D0BE-48D6-8F00-1F0983C19CE2} = {8F609233-09DE-4939-BEF0-ABF5F9541E2E}
		{1DC0E564-6A34-414F-A088-312F862FFEBF} = {FCB6A1B9-2595-4DC7-9164-5FDA4F046A28}
	EndGlobalSection
EndGlobal
